Microsoft Visual Studio Solution File, Format Version 12.00
# Visual Studio Version 17
VisualStudioVersion = 17.0.31903.59
MinimumVisualStudioVersion = 10.0.40219.1

Project("{FAE04EC0-301F-11D3-BF4B-00C04F79EFBC}") = "AppCore.API", "AppCore.API\AppCore.API.csproj", "{DDDF7A48-C67E-4EC5-A359-69118972DA3E}"
EndProject

Project("{FAE04EC0-301F-11D3-BF4B-00C04F79EFBC}") = "AppCore.Application", "AppCore.Application\AppCore.Application.csproj", "{650D9D99-2AC5-47FA-9075-FB3FE3F75104}"
EndProject

Project("{FAE04EC0-301F-11D3-BF4B-00C04F79EFBC}") = "AppCore.Domain", "AppCore.Domain\AppCore.Domain.csproj", "{48F9EBDF-CB27-42D4-AE4C-47A49AF7D506}"
EndProject

Project("{FAE04EC0-301F-11D3-BF4B-00C04F79EFBC}") = "AppCore.Infrastructure", "AppCore.Infrastructure\AppCore.Infrastructure.csproj", "{9E44AEDA-D4BA-4A26-9F1E-2FEAC0DEB89C}"
EndProject

Global
	GlobalSection(SolutionConfigurationPlatforms) = preSolution
		Debug|Any CPU = Debug|Any CPU
		Debug|x64 = Debug|x64
		Debug|x86 = Debug|x86
		Release|Any CPU = Release|Any CPU
		Release|x64 = Release|x64
		Release|x86 = Release|x86
	EndGlobalSection

	GlobalSection(ProjectConfigurationPlatforms) = postSolution
		{DDDF7A48-C67E-4EC5-A359-69118972DA3E}.Debug|Any CPU.ActiveCfg = Debug|Any CPU
		{DDDF7A48-C67E-4EC5-A359-69118972DA3E}.Debug|Any CPU.Build.0 = Debug|Any CPU
		{DDDF7A48-C67E-4EC5-A359-69118972DA3E}.Debug|x64.ActiveCfg = Debug|Any CPU
		{DDDF7A48-C67E-4EC5-A359-69118972DA3E}.Debug|x64.Build.0 = Debug|Any CPU
		{DDDF7A48-C67E-4EC5-A359-69118972DA3E}.Debug|x86.ActiveCfg = Debug|Any CPU
		{DDDF7A48-C67E-4EC5-A359-69118972DA3E}.Debug|x86.Build.0 = Debug|Any CPU
		{DDDF7A48-C67E-4EC5-A359-69118972DA3E}.Release|Any CPU.ActiveCfg = Release|Any CPU
		{DDDF7A48-C67E-4EC5-A359-69118972DA3E}.Release|Any CPU.Build.0 = Release|Any CPU
		{DDDF7A48-C67E-4EC5-A359-69118972DA3E}.Release|x64.ActiveCfg = Release|Any CPU
		{DDDF7A48-C67E-4EC5-A359-69118972DA3E}.Release|x64.Build.0 = Release|Any CPU
		{DDDF7A48-C67E-4EC5-A359-69118972DA3E}.Release|x86.ActiveCfg = Release|Any CPU
		{DDDF7A48-C67E-4EC5-A359-69118972DA3E}.Release|x86.Build.0 = Release|Any CPU

		{650D9D99-2AC5-47FA-9075-FB3FE3F75104}.Debug|Any CPU.ActiveCfg = Debug|Any CPU
		{650D9D99-2AC5-47FA-9075-FB3FE3F75104}.Debug|Any CPU.Build.0 = Debug|Any CPU
		{650D9D99-2AC5-47FA-9075-FB3FE3F75104}.Debug|x64.ActiveCfg = Debug|Any CPU
		{650D9D99-2AC5-47FA-9075-FB3FE3F75104}.Debug|x64.Build.0 = Debug|Any CPU
		{650D9D99-2AC5-47FA-9075-FB3FE3F75104}.Debug|x86.ActiveCfg = Debug|Any CPU
		{650D9D99-2AC5-47FA-9075-FB3FE3F75104}.Debug|x86.Build.0 = Debug|Any CPU
		{650D9D99-2AC5-47FA-9075-FB3FE3F75104}.Release|Any CPU.ActiveCfg = Release|Any CPU
		{650D9D99-2AC5-47FA-9075-FB3FE3F75104}.Release|Any CPU.Build.0 = Release|Any CPU
		{650D9D99-2AC5-47FA-9075-FB3FE3F75104}.Release|x64.ActiveCfg = Release|Any CPU
		{650D9D99-2AC5-47FA-9075-FB3FE3F75104}.Release|x64.Build.0 = Release|Any CPU
		{650D9D99-2AC5-47FA-9075-FB3FE3F75104}.Release|x86.ActiveCfg = Release|Any CPU
		{650D9D99-2AC5-47FA-9075-FB3FE3F75104}.Release|x86.Build.0 = Release|Any CPU

		{48F9EBDF-CB27-42D4-AE4C-47A49AF7D506}.Debug|Any CPU.ActiveCfg = Debug|Any CPU
		{48F9EBDF-CB27-42D4-AE4C-47A49AF7D506}.Debug|Any CPU.Build.0 = Debug|Any CPU
		{48F9EBDF-CB27-42D4-AE4C-47A49AF7D506}.Debug|x64.ActiveCfg = Debug|Any CPU
		{48F9EBDF-CB27-42D4-AE4C-47A49AF7D506}.Debug|x64.Build.0 = Debug|Any CPU
		{48F9EBDF-CB27-42D4-AE4C-47A49AF7D506}.Debug|x86.ActiveCfg = Debug|Any CPU
		{48F9EBDF-CB27-42D4-AE4C-47A49AF7D506}.Debug|x86.Build.0 = Debug|Any CPU
		{48F9EBDF-CB27-42D4-AE4C-47A49AF7D506}.Release|Any CPU.ActiveCfg = Release|Any CPU
		{48F9EBDF-CB27-42D4-AE4C-47A49AF7D506}.Release|Any CPU.Build.0 = Release|Any CPU
		{48F9EBDF-CB27-42D4-AE4C-47A49AF7D506}.Release|x64.ActiveCfg = Release|Any CPU
		{48F9EBDF-CB27-42D4-AE4C-47A49AF7D506}.Release|x64.Build.0 = Release|Any CPU
		{48F9EBDF-CB27-42D4-AE4C-47A49AF7D506}.Release|x86.ActiveCfg = Release|Any CPU
		{48F9EBDF-CB27-42D4-AE4C-47A49AF7D506}.Release|x86.Build.0 = Release|Any CPU

		{9E44AEDA-D4BA-4A26-9F1E-2FEAC0DEB89C}.Debug|Any CPU.ActiveCfg = Debug|Any CPU
		{9E44AEDA-D4BA-4A26-9F1E-2FEAC0DEB89C}.Debug|Any CPU.Build.0 = Debug|Any CPU
		{9E44AEDA-D4BA-4A26-9F1E-2FEAC0DEB89C}.Debug|x64.ActiveCfg = Debug|Any CPU
		{9E44AEDA-D4BA-4A26-9F1E-2FEAC0DEB89C}.Debug|x64.Build.0 = Debug|Any CPU
		{9E44AEDA-D4BA-4A26-9F1E-2FEAC0DEB89C}.Debug|x86.ActiveCfg = Debug|Any CPU
		{9E44AEDA-D4BA-4A26-9F1E-2FEAC0DEB89C}.Debug|x86.Build.0 = Debug|Any CPU
		{9E44AEDA-D4BA-4A26-9F1E-2FEAC0DEB89C}.Release|Any CPU.ActiveCfg = Release|Any CPU
		{9E44AEDA-D4BA-4A26-9F1E-2FEAC0DEB89C}.Release|Any CPU.Build.0 = Release|Any CPU
		{9E44AEDA-D4BA-4A26-9F1E-2FEAC0DEB89C}.Release|x64.ActiveCfg = Release|Any CPU
		{9E44AEDA-D4BA-4A26-9F1E-2FEAC0DEB89C}.Release|x64.Build.0 = Release|Any CPU
		{9E44AEDA-D4BA-4A26-9F1E-2FEAC0DEB89C}.Release|x86.ActiveCfg = Release|Any CPU
		{9E44AEDA-D4BA-4A26-9F1E-2FEAC0DEB89C}.Release|x86.Build.0 = Release|Any CPU
	EndGlobalSection

	GlobalSection(SolutionProperties) = preSolution
		HideSolutionNode = FALSE
	EndGlobalSection
EndGlobal